// !$*UTF8*$!
{
	archiveVersion = 1;
	classes = {
	};
	objectVersion = 50;
	objects = {

/* Begin PBXBuildFile section */
		06926367A2785BC92DF8527A /* Pods_EnglishAppUITests.framework in Frameworks */ = {isa = PBXBuildFile; fileRef = 27F030080EFF62D8D7912884 /* Pods_EnglishAppUITests.framework */; };
		10023D8A216356D6007910A5 /* TranslatorDevice.swift in Sources */ = {isa = PBXBuildFile; fileRef = 10023D89216356D6007910A5 /* TranslatorDevice.swift */; };
		10023D8C21637E21007910A5 /* Inceptionv3.mlmodel in Sources */ = {isa = PBXBuildFile; fileRef = 10023D8B21637E21007910A5 /* Inceptionv3.mlmodel */; };
		10224DFD215F2855002D4A28 /* AppDelegate.swift in Sources */ = {isa = PBXBuildFile; fileRef = 10224DFC215F2855002D4A28 /* AppDelegate.swift */; };
		10224E02215F2855002D4A28 /* Main.storyboard in Resources */ = {isa = PBXBuildFile; fileRef = 10224E00215F2855002D4A28 /* Main.storyboard */; };
		10224E04215F2856002D4A28 /* Assets.xcassets in Resources */ = {isa = PBXBuildFile; fileRef = 10224E03215F2856002D4A28 /* Assets.xcassets */; };
		10224E07215F2856002D4A28 /* LaunchScreen.storyboard in Resources */ = {isa = PBXBuildFile; fileRef = 10224E05215F2856002D4A28 /* LaunchScreen.storyboard */; };
		10224E12215F2856002D4A28 /* EnglishAppTests.swift in Sources */ = {isa = PBXBuildFile; fileRef = 10224E11215F2856002D4A28 /* EnglishAppTests.swift */; };
		10224E1D215F2857002D4A28 /* EnglishAppUITests.swift in Sources */ = {isa = PBXBuildFile; fileRef = 10224E1C215F2857002D4A28 /* EnglishAppUITests.swift */; };
		10224E30215F29AF002D4A28 /* HomeVC.swift in Sources */ = {isa = PBXBuildFile; fileRef = 10224E2F215F29AF002D4A28 /* HomeVC.swift */; };
		10224E32215F29EA002D4A28 /* HomeAssets.xcassets in Resources */ = {isa = PBXBuildFile; fileRef = 10224E31215F29EA002D4A28 /* HomeAssets.xcassets */; };
		109389A5215FC7CE00819D24 /* Constants.swift in Sources */ = {isa = PBXBuildFile; fileRef = 109389A4215FC7CE00819D24 /* Constants.swift */; };
		109389A7215FC9EB00819D24 /* Extensions.swift in Sources */ = {isa = PBXBuildFile; fileRef = 109389A6215FC9EB00819D24 /* Extensions.swift */; };
		109389AB215FD7EE00819D24 /* HomePageVC.swift in Sources */ = {isa = PBXBuildFile; fileRef = 109389AA215FD7EE00819D24 /* HomePageVC.swift */; };
		10A11FF821631A02000788AF /* VisionObjectRecognitionViewController.swift in Sources */ = {isa = PBXBuildFile; fileRef = 10A11FF721631A02000788AF /* VisionObjectRecognitionViewController.swift */; };
		10A11FFA21631B20000788AF /* Resnet50.mlmodel in Sources */ = {isa = PBXBuildFile; fileRef = 10A11FF921631B20000788AF /* Resnet50.mlmodel */; };
		10BDD7572160BD9800DAA6BD /* HomeSubVC.swift in Sources */ = {isa = PBXBuildFile; fileRef = 10BDD7562160BD9800DAA6BD /* HomeSubVC.swift */; };
		10BDD7592160BDAA00DAA6BD /* TranslateSubVC.swift in Sources */ = {isa = PBXBuildFile; fileRef = 10BDD7582160BDAA00DAA6BD /* TranslateSubVC.swift */; };
		10BDD75B2160BDBA00DAA6BD /* CameraSubVC.swift in Sources */ = {isa = PBXBuildFile; fileRef = 10BDD75A2160BDBA00DAA6BD /* CameraSubVC.swift */; };
		10BDD75D2160BDC900DAA6BD /* FavoriteSubVC.swift in Sources */ = {isa = PBXBuildFile; fileRef = 10BDD75C2160BDC900DAA6BD /* FavoriteSubVC.swift */; };
		10D40D5F21606FFC00583983 /* EmojiReaction.json in Resources */ = {isa = PBXBuildFile; fileRef = 10D40D5921606FFC00583983 /* EmojiReaction.json */; };
		10D40D6021606FFC00583983 /* CryingEmoji.aep in Resources */ = {isa = PBXBuildFile; fileRef = 10D40D5A21606FFC00583983 /* CryingEmoji.aep */; };
		10D40D6121606FFC00583983 /* CryingEmoji.json in Resources */ = {isa = PBXBuildFile; fileRef = 10D40D5B21606FFC00583983 /* CryingEmoji.json */; };
		10D40D6221606FFC00583983 /* AngryEmoji.json in Resources */ = {isa = PBXBuildFile; fileRef = 10D40D5C21606FFC00583983 /* AngryEmoji.json */; };
		10D40D6321606FFC00583983 /* EmojiReaction.aep in Resources */ = {isa = PBXBuildFile; fileRef = 10D40D5D21606FFC00583983 /* EmojiReaction.aep */; };
		10D40D6421606FFC00583983 /* AngryEmoji.aep in Resources */ = {isa = PBXBuildFile; fileRef = 10D40D5E21606FFC00583983 /* AngryEmoji.aep */; };
		10D40D682160744B00583983 /* emoji_tongue.json in Resources */ = {isa = PBXBuildFile; fileRef = 10D40D652160744900583983 /* emoji_tongue.json */; };
		10D40D692160744B00583983 /* emoji_shock.json in Resources */ = {isa = PBXBuildFile; fileRef = 10D40D662160744B00583983 /* emoji_shock.json */; };
		10D40D6A2160744B00583983 /* emoji_wink.json in Resources */ = {isa = PBXBuildFile; fileRef = 10D40D672160744B00583983 /* emoji_wink.json */; };
		10D40D6C2160804500583983 /* AppUtility.swift in Sources */ = {isa = PBXBuildFile; fileRef = 10D40D6B2160804500583983 /* AppUtility.swift */; };
		10D9D65E216128FA00132111 /* search.aep in Resources */ = {isa = PBXBuildFile; fileRef = 10D9D65C216128FA00132111 /* search.aep */; };
		10D9D65F216128FA00132111 /* search.json in Resources */ = {isa = PBXBuildFile; fileRef = 10D9D65D216128FA00132111 /* search.json */; };
		50F68F8468B06492A98D2168 /* Pods_EnglishAppTests.framework in Frameworks */ = {isa = PBXBuildFile; fileRef = 92BB305E8D12BF1BB4AE3432 /* Pods_EnglishAppTests.framework */; };
		8EB44B10E522816133BDAF4A /* Pods_EnglishApp.framework in Frameworks */ = {isa = PBXBuildFile; fileRef = B7390480EB4A7D759F7B4D01 /* Pods_EnglishApp.framework */; };
/* End PBXBuildFile section */

/* Begin PBXContainerItemProxy section */
		10224E0E215F2856002D4A28 /* PBXContainerItemProxy */ = {
			isa = PBXContainerItemProxy;
			containerPortal = 10224DF1215F2855002D4A28 /* Project object */;
			proxyType = 1;
			remoteGlobalIDString = 10224DF8215F2855002D4A28;
			remoteInfo = EnglishApp;
		};
		10224E19215F2856002D4A28 /* PBXContainerItemProxy */ = {
			isa = PBXContainerItemProxy;
			containerPortal = 10224DF1215F2855002D4A28 /* Project object */;
			proxyType = 1;
			remoteGlobalIDString = 10224DF8215F2855002D4A28;
			remoteInfo = EnglishApp;
		};
/* End PBXContainerItemProxy section */

/* Begin PBXFileReference section */
		09EA63B630BA064E381B305F /* Pods-EnglishAppTests.debug.xcconfig */ = {isa = PBXFileReference; includeInIndex = 1; lastKnownFileType = text.xcconfig; name = "Pods-EnglishAppTests.debug.xcconfig"; path = "Target Support Files/Pods-EnglishAppTests/Pods-EnglishAppTests.debug.xcconfig"; sourceTree = "<group>"; };
		10023D89216356D6007910A5 /* TranslatorDevice.swift */ = {isa = PBXFileReference; lastKnownFileType = sourcecode.swift; path = TranslatorDevice.swift; sourceTree = "<group>"; };
		10023D8B21637E21007910A5 /* Inceptionv3.mlmodel */ = {isa = PBXFileReference; lastKnownFileType = file.mlmodel; path = Inceptionv3.mlmodel; sourceTree = "<group>"; };
		10224DF9215F2855002D4A28 /* EnglishApp.app */ = {isa = PBXFileReference; explicitFileType = wrapper.application; includeInIndex = 0; path = EnglishApp.app; sourceTree = BUILT_PRODUCTS_DIR; };
		10224DFC215F2855002D4A28 /* AppDelegate.swift */ = {isa = PBXFileReference; lastKnownFileType = sourcecode.swift; path = AppDelegate.swift; sourceTree = "<group>"; };
		10224E01215F2855002D4A28 /* Base */ = {isa = PBXFileReference; lastKnownFileType = file.storyboard; name = Base; path = Base.lproj/Main.storyboard; sourceTree = "<group>"; };
		10224E03215F2856002D4A28 /* Assets.xcassets */ = {isa = PBXFileReference; lastKnownFileType = folder.assetcatalog; path = Assets.xcassets; sourceTree = "<group>"; };
		10224E06215F2856002D4A28 /* Base */ = {isa = PBXFileReference; lastKnownFileType = file.storyboard; name = Base; path = Base.lproj/LaunchScreen.storyboard; sourceTree = "<group>"; };
		10224E08215F2856002D4A28 /* Info.plist */ = {isa = PBXFileReference; lastKnownFileType = text.plist.xml; path = Info.plist; sourceTree = "<group>"; };
		10224E0D215F2856002D4A28 /* EnglishAppTests.xctest */ = {isa = PBXFileReference; explicitFileType = wrapper.cfbundle; includeInIndex = 0; path = EnglishAppTests.xctest; sourceTree = BUILT_PRODUCTS_DIR; };
		10224E11215F2856002D4A28 /* EnglishAppTests.swift */ = {isa = PBXFileReference; lastKnownFileType = sourcecode.swift; path = EnglishAppTests.swift; sourceTree = "<group>"; };
		10224E13215F2856002D4A28 /* Info.plist */ = {isa = PBXFileReference; lastKnownFileType = text.plist.xml; path = Info.plist; sourceTree = "<group>"; };
		10224E18215F2856002D4A28 /* EnglishAppUITests.xctest */ = {isa = PBXFileReference; explicitFileType = wrapper.cfbundle; includeInIndex = 0; path = EnglishAppUITests.xctest; sourceTree = BUILT_PRODUCTS_DIR; };
		10224E1C215F2857002D4A28 /* EnglishAppUITests.swift */ = {isa = PBXFileReference; lastKnownFileType = sourcecode.swift; path = EnglishAppUITests.swift; sourceTree = "<group>"; };
		10224E1E215F2857002D4A28 /* Info.plist */ = {isa = PBXFileReference; lastKnownFileType = text.plist.xml; path = Info.plist; sourceTree = "<group>"; };
		10224E2F215F29AF002D4A28 /* HomeVC.swift */ = {isa = PBXFileReference; lastKnownFileType = sourcecode.swift; path = HomeVC.swift; sourceTree = "<group>"; };
		10224E31215F29EA002D4A28 /* HomeAssets.xcassets */ = {isa = PBXFileReference; lastKnownFileType = folder.assetcatalog; path = HomeAssets.xcassets; sourceTree = "<group>"; };
		109389A4215FC7CE00819D24 /* Constants.swift */ = {isa = PBXFileReference; lastKnownFileType = sourcecode.swift; path = Constants.swift; sourceTree = "<group>"; };
		109389A6215FC9EB00819D24 /* Extensions.swift */ = {isa = PBXFileReference; lastKnownFileType = sourcecode.swift; path = Extensions.swift; sourceTree = "<group>"; };
		109389AA215FD7EE00819D24 /* HomePageVC.swift */ = {isa = PBXFileReference; lastKnownFileType = sourcecode.swift; path = HomePageVC.swift; sourceTree = "<group>"; };
		10A11FF721631A02000788AF /* VisionObjectRecognitionViewController.swift */ = {isa = PBXFileReference; fileEncoding = 4; lastKnownFileType = sourcecode.swift; path = VisionObjectRecognitionViewController.swift; sourceTree = "<group>"; };
		10A11FF921631B20000788AF /* Resnet50.mlmodel */ = {isa = PBXFileReference; lastKnownFileType = file.mlmodel; path = Resnet50.mlmodel; sourceTree = "<group>"; };
		10BDD7562160BD9800DAA6BD /* HomeSubVC.swift */ = {isa = PBXFileReference; lastKnownFileType = sourcecode.swift; path = HomeSubVC.swift; sourceTree = "<group>"; };
		10BDD7582160BDAA00DAA6BD /* TranslateSubVC.swift */ = {isa = PBXFileReference; lastKnownFileType = sourcecode.swift; path = TranslateSubVC.swift; sourceTree = "<group>"; };
		10BDD75A2160BDBA00DAA6BD /* CameraSubVC.swift */ = {isa = PBXFileReference; lastKnownFileType = sourcecode.swift; path = CameraSubVC.swift; sourceTree = "<group>"; };
		10BDD75C2160BDC900DAA6BD /* FavoriteSubVC.swift */ = {isa = PBXFileReference; lastKnownFileType = sourcecode.swift; path = FavoriteSubVC.swift; sourceTree = "<group>"; };
		10D40D5921606FFC00583983 /* EmojiReaction.json */ = {isa = PBXFileReference; fileEncoding = 4; lastKnownFileType = text.json; path = EmojiReaction.json; sourceTree = "<group>"; };
		10D40D5A21606FFC00583983 /* CryingEmoji.aep */ = {isa = PBXFileReference; lastKnownFileType = file; path = CryingEmoji.aep; sourceTree = "<group>"; };
		10D40D5B21606FFC00583983 /* CryingEmoji.json */ = {isa = PBXFileReference; fileEncoding = 4; lastKnownFileType = text.json; name = CryingEmoji.json; path = "../../../../../../../Downloads/AE_JSON 3/CryingEmoji.json"; sourceTree = "<group>"; };
		10D40D5C21606FFC00583983 /* AngryEmoji.json */ = {isa = PBXFileReference; fileEncoding = 4; lastKnownFileType = text.json; path = AngryEmoji.json; sourceTree = "<group>"; };
		10D40D5D21606FFC00583983 /* EmojiReaction.aep */ = {isa = PBXFileReference; lastKnownFileType = file; path = EmojiReaction.aep; sourceTree = "<group>"; };
		10D40D5E21606FFC00583983 /* AngryEmoji.aep */ = {isa = PBXFileReference; lastKnownFileType = file; path = AngryEmoji.aep; sourceTree = "<group>"; };
		10D40D652160744900583983 /* emoji_tongue.json */ = {isa = PBXFileReference; fileEncoding = 4; lastKnownFileType = text.json; path = emoji_tongue.json; sourceTree = "<group>"; };
		10D40D662160744B00583983 /* emoji_shock.json */ = {isa = PBXFileReference; fileEncoding = 4; lastKnownFileType = text.json; path = emoji_shock.json; sourceTree = "<group>"; };
		10D40D672160744B00583983 /* emoji_wink.json */ = {isa = PBXFileReference; fileEncoding = 4; lastKnownFileType = text.json; path = emoji_wink.json; sourceTree = "<group>"; };
		10D40D6B2160804500583983 /* AppUtility.swift */ = {isa = PBXFileReference; lastKnownFileType = sourcecode.swift; path = AppUtility.swift; sourceTree = "<group>"; };
		10D9D65C216128FA00132111 /* search.aep */ = {isa = PBXFileReference; lastKnownFileType = file; path = search.aep; sourceTree = "<group>"; };
		10D9D65D216128FA00132111 /* search.json */ = {isa = PBXFileReference; fileEncoding = 4; lastKnownFileType = text.json; path = search.json; sourceTree = "<group>"; };
		27F030080EFF62D8D7912884 /* Pods_EnglishAppUITests.framework */ = {isa = PBXFileReference; explicitFileType = wrapper.framework; includeInIndex = 0; path = Pods_EnglishAppUITests.framework; sourceTree = BUILT_PRODUCTS_DIR; };
		336362C40907244373323AD8 /* Pods-EnglishAppUITests.release.xcconfig */ = {isa = PBXFileReference; includeInIndex = 1; lastKnownFileType = text.xcconfig; name = "Pods-EnglishAppUITests.release.xcconfig"; path = "Target Support Files/Pods-EnglishAppUITests/Pods-EnglishAppUITests.release.xcconfig"; sourceTree = "<group>"; };
		5AAE715748AC65ED643A219B /* Pods-EnglishApp.debug.xcconfig */ = {isa = PBXFileReference; includeInIndex = 1; lastKnownFileType = text.xcconfig; name = "Pods-EnglishApp.debug.xcconfig"; path = "Target Support Files/Pods-EnglishApp/Pods-EnglishApp.debug.xcconfig"; sourceTree = "<group>"; };
		758A4368ECC93C96C1F68F6C /* Pods-EnglishAppTests.release.xcconfig */ = {isa = PBXFileReference; includeInIndex = 1; lastKnownFileType = text.xcconfig; name = "Pods-EnglishAppTests.release.xcconfig"; path = "Target Support Files/Pods-EnglishAppTests/Pods-EnglishAppTests.release.xcconfig"; sourceTree = "<group>"; };
		92BB305E8D12BF1BB4AE3432 /* Pods_EnglishAppTests.framework */ = {isa = PBXFileReference; explicitFileType = wrapper.framework; includeInIndex = 0; path = Pods_EnglishAppTests.framework; sourceTree = BUILT_PRODUCTS_DIR; };
		B6A9F010DD1948C6422C6636 /* Pods-EnglishApp.release.xcconfig */ = {isa = PBXFileReference; includeInIndex = 1; lastKnownFileType = text.xcconfig; name = "Pods-EnglishApp.release.xcconfig"; path = "Target Support Files/Pods-EnglishApp/Pods-EnglishApp.release.xcconfig"; sourceTree = "<group>"; };
		B7390480EB4A7D759F7B4D01 /* Pods_EnglishApp.framework */ = {isa = PBXFileReference; explicitFileType = wrapper.framework; includeInIndex = 0; path = Pods_EnglishApp.framework; sourceTree = BUILT_PRODUCTS_DIR; };
		FEA84956D7357835BDD13ADF /* Pods-EnglishAppUITests.debug.xcconfig */ = {isa = PBXFileReference; includeInIndex = 1; lastKnownFileType = text.xcconfig; name = "Pods-EnglishAppUITests.debug.xcconfig"; path = "Target Support Files/Pods-EnglishAppUITests/Pods-EnglishAppUITests.debug.xcconfig"; sourceTree = "<group>"; };
/* End PBXFileReference section */

/* Begin PBXFrameworksBuildPhase section */
		10224DF6215F2855002D4A28 /* Frameworks */ = {
			isa = PBXFrameworksBuildPhase;
			buildActionMask = 2147483647;
			files = (
				8EB44B10E522816133BDAF4A /* Pods_EnglishApp.framework in Frameworks */,
			);
			runOnlyForDeploymentPostprocessing = 0;
		};
		10224E0A215F2856002D4A28 /* Frameworks */ = {
			isa = PBXFrameworksBuildPhase;
			buildActionMask = 2147483647;
			files = (
				50F68F8468B06492A98D2168 /* Pods_EnglishAppTests.framework in Frameworks */,
			);
			runOnlyForDeploymentPostprocessing = 0;
		};
		10224E15215F2856002D4A28 /* Frameworks */ = {
			isa = PBXFrameworksBuildPhase;
			buildActionMask = 2147483647;
			files = (
				06926367A2785BC92DF8527A /* Pods_EnglishAppUITests.framework in Frameworks */,
			);
			runOnlyForDeploymentPostprocessing = 0;
		};
/* End PBXFrameworksBuildPhase section */

/* Begin PBXGroup section */
		101ABAB82160C6CA006F005B /* CoreML */ = {
			isa = PBXGroup;
			children = (
			);
			path = CoreML;
			sourceTree = "<group>";
		};
		10224DF0215F2855002D4A28 = {
			isa = PBXGroup;
			children = (
				10224DFB215F2855002D4A28 /* EnglishApp */,
				10224E10215F2856002D4A28 /* EnglishAppTests */,
				10224E1B215F2857002D4A28 /* EnglishAppUITests */,
				10224DFA215F2855002D4A28 /* Products */,
				3AE31D41BB16E1A5F2722016 /* Pods */,
				1AD807F9FF88AF2328885BB1 /* Frameworks */,
			);
			sourceTree = "<group>";
		};
		10224DFA215F2855002D4A28 /* Products */ = {
			isa = PBXGroup;
			children = (
				10224DF9215F2855002D4A28 /* EnglishApp.app */,
				10224E0D215F2856002D4A28 /* EnglishAppTests.xctest */,
				10224E18215F2856002D4A28 /* EnglishAppUITests.xctest */,
			);
			name = Products;
			sourceTree = "<group>";
		};
		10224DFB215F2855002D4A28 /* EnglishApp */ = {
			isa = PBXGroup;
			children = (
				101ABAB82160C6CA006F005B /* CoreML */,
				10224E2E215F294E002D4A28 /* HomeVC */,
				10224E2D215F2919002D4A28 /* CommonFile */,
				10224E2C215F2909002D4A28 /* FrameWorks */,
				10224DFC215F2855002D4A28 /* AppDelegate.swift */,
				10224E03215F2856002D4A28 /* Assets.xcassets */,
				10224E05215F2856002D4A28 /* LaunchScreen.storyboard */,
				10224E08215F2856002D4A28 /* Info.plist */,
			);
			path = EnglishApp;
			sourceTree = "<group>";
		};
		10224E10215F2856002D4A28 /* EnglishAppTests */ = {
			isa = PBXGroup;
			children = (
				10224E11215F2856002D4A28 /* EnglishAppTests.swift */,
				10224E13215F2856002D4A28 /* Info.plist */,
			);
			path = EnglishAppTests;
			sourceTree = "<group>";
		};
		10224E1B215F2857002D4A28 /* EnglishAppUITests */ = {
			isa = PBXGroup;
			children = (
				10224E1C215F2857002D4A28 /* EnglishAppUITests.swift */,
				10224E1E215F2857002D4A28 /* Info.plist */,
			);
			path = EnglishAppUITests;
			sourceTree = "<group>";
		};
		10224E2C215F2909002D4A28 /* FrameWorks */ = {
			isa = PBXGroup;
			children = (
				10D40D4E2160647100583983 /* Lotties */,
			);
			path = FrameWorks;
			sourceTree = "<group>";
		};
		10224E2D215F2919002D4A28 /* CommonFile */ = {
			isa = PBXGroup;
			children = (
				109389A4215FC7CE00819D24 /* Constants.swift */,
				109389A6215FC9EB00819D24 /* Extensions.swift */,
				10D40D6B2160804500583983 /* AppUtility.swift */,
				10023D89216356D6007910A5 /* TranslatorDevice.swift */,
			);
			path = CommonFile;
			sourceTree = "<group>";
		};
		10224E2E215F294E002D4A28 /* HomeVC */ = {
			isa = PBXGroup;
			children = (
				10A11FFB216321DC000788AF /* HomeSubVC */,
				10224E33215F29FC002D4A28 /* ViewControllerElements */,
				10224E00215F2855002D4A28 /* Main.storyboard */,
				10224E2F215F29AF002D4A28 /* HomeVC.swift */,
				10224E31215F29EA002D4A28 /* HomeAssets.xcassets */,
				109389AA215FD7EE00819D24 /* HomePageVC.swift */,
			);
			path = HomeVC;
			sourceTree = "<group>";
		};
		10224E33215F29FC002D4A28 /* ViewControllerElements */ = {
			isa = PBXGroup;
			children = (
				10BDD7582160BDAA00DAA6BD /* TranslateSubVC.swift */,
				10BDD75A2160BDBA00DAA6BD /* CameraSubVC.swift */,
				10BDD75C2160BDC900DAA6BD /* FavoriteSubVC.swift */,
			);
			path = ViewControllerElements;
			sourceTree = "<group>";
		};
		10A11FFB216321DC000788AF /* HomeSubVC */ = {
			isa = PBXGroup;
			children = (
				10A11FF921631B20000788AF /* Resnet50.mlmodel */,
				10023D8B21637E21007910A5 /* Inceptionv3.mlmodel */,
				10A11FF721631A02000788AF /* VisionObjectRecognitionViewController.swift */,
				10BDD7562160BD9800DAA6BD /* HomeSubVC.swift */,
			);
			path = HomeSubVC;
			sourceTree = "<group>";
		};
		10D40D4E2160647100583983 /* Lotties */ = {
			isa = PBXGroup;
			children = (
				10D9D65C216128FA00132111 /* search.aep */,
				10D9D65D216128FA00132111 /* search.json */,
				10D40D662160744B00583983 /* emoji_shock.json */,
				10D40D652160744900583983 /* emoji_tongue.json */,
				10D40D672160744B00583983 /* emoji_wink.json */,
				10D40D5E21606FFC00583983 /* AngryEmoji.aep */,
				10D40D5C21606FFC00583983 /* AngryEmoji.json */,
				10D40D5A21606FFC00583983 /* CryingEmoji.aep */,
				10D40D5B21606FFC00583983 /* CryingEmoji.json */,
				10D40D5D21606FFC00583983 /* EmojiReaction.aep */,
				10D40D5921606FFC00583983 /* EmojiReaction.json */,
			);
			path = Lotties;
			sourceTree = "<group>";
		};
		1AD807F9FF88AF2328885BB1 /* Frameworks */ = {
			isa = PBXGroup;
			children = (
				B7390480EB4A7D759F7B4D01 /* Pods_EnglishApp.framework */,
				92BB305E8D12BF1BB4AE3432 /* Pods_EnglishAppTests.framework */,
				27F030080EFF62D8D7912884 /* Pods_EnglishAppUITests.framework */,
			);
			name = Frameworks;
			sourceTree = "<group>";
		};
		3AE31D41BB16E1A5F2722016 /* Pods */ = {
			isa = PBXGroup;
			children = (
				5AAE715748AC65ED643A219B /* Pods-EnglishApp.debug.xcconfig */,
				B6A9F010DD1948C6422C6636 /* Pods-EnglishApp.release.xcconfig */,
				09EA63B630BA064E381B305F /* Pods-EnglishAppTests.debug.xcconfig */,
				758A4368ECC93C96C1F68F6C /* Pods-EnglishAppTests.release.xcconfig */,
				FEA84956D7357835BDD13ADF /* Pods-EnglishAppUITests.debug.xcconfig */,
				336362C40907244373323AD8 /* Pods-EnglishAppUITests.release.xcconfig */,
			);
			path = Pods;
			sourceTree = "<group>";
		};
/* End PBXGroup section */

/* Begin PBXNativeTarget section */
		10224DF8215F2855002D4A28 /* EnglishApp */ = {
			isa = PBXNativeTarget;
			buildConfigurationList = 10224E21215F2857002D4A28 /* Build configuration list for PBXNativeTarget "EnglishApp" */;
			buildPhases = (
				1601C39D4F7EA7CD6EE0E1AC /* [CP] Check Pods Manifest.lock */,
				10224DF5215F2855002D4A28 /* Sources */,
				10224DF6215F2855002D4A28 /* Frameworks */,
				10224DF7215F2855002D4A28 /* Resources */,
				9E773243EB593B583D45C966 /* [CP] Embed Pods Frameworks */,
			);
			buildRules = (
			);
			dependencies = (
			);
			name = EnglishApp;
			productName = EnglishApp;
			productReference = 10224DF9215F2855002D4A28 /* EnglishApp.app */;
			productType = "com.apple.product-type.application";
		};
		10224E0C215F2856002D4A28 /* EnglishAppTests */ = {
			isa = PBXNativeTarget;
			buildConfigurationList = 10224E24215F2857002D4A28 /* Build configuration list for PBXNativeTarget "EnglishAppTests" */;
			buildPhases = (
				AB647F962DB8F01D23D33DF4 /* [CP] Check Pods Manifest.lock */,
				10224E09215F2856002D4A28 /* Sources */,
				10224E0A215F2856002D4A28 /* Frameworks */,
				10224E0B215F2856002D4A28 /* Resources */,
			);
			buildRules = (
			);
			dependencies = (
				10224E0F215F2856002D4A28 /* PBXTargetDependency */,
			);
			name = EnglishAppTests;
			productName = EnglishAppTests;
			productReference = 10224E0D215F2856002D4A28 /* EnglishAppTests.xctest */;
			productType = "com.apple.product-type.bundle.unit-test";
		};
		10224E17215F2856002D4A28 /* EnglishAppUITests */ = {
			isa = PBXNativeTarget;
			buildConfigurationList = 10224E27215F2857002D4A28 /* Build configuration list for PBXNativeTarget "EnglishAppUITests" */;
			buildPhases = (
				76533C9BB30EF73423F1BF85 /* [CP] Check Pods Manifest.lock */,
				10224E14215F2856002D4A28 /* Sources */,
				10224E15215F2856002D4A28 /* Frameworks */,
				10224E16215F2856002D4A28 /* Resources */,
			);
			buildRules = (
			);
			dependencies = (
				10224E1A215F2856002D4A28 /* PBXTargetDependency */,
			);
			name = EnglishAppUITests;
			productName = EnglishAppUITests;
			productReference = 10224E18215F2856002D4A28 /* EnglishAppUITests.xctest */;
			productType = "com.apple.product-type.bundle.ui-testing";
		};
/* End PBXNativeTarget section */

/* Begin PBXProject section */
		10224DF1215F2855002D4A28 /* Project object */ = {
			isa = PBXProject;
			attributes = {
				LastSwiftUpdateCheck = 0940;
				LastUpgradeCheck = 0940;
				ORGANIZATIONNAME = "Nguyen Van Trung";
				TargetAttributes = {
					10224DF8215F2855002D4A28 = {
						CreatedOnToolsVersion = 9.4.1;
					};
					10224E0C215F2856002D4A28 = {
						CreatedOnToolsVersion = 9.4.1;
						TestTargetID = 10224DF8215F2855002D4A28;
					};
					10224E17215F2856002D4A28 = {
						CreatedOnToolsVersion = 9.4.1;
						TestTargetID = 10224DF8215F2855002D4A28;
					};
				};
			};
			buildConfigurationList = 10224DF4215F2855002D4A28 /* Build configuration list for PBXProject "EnglishApp" */;
			compatibilityVersion = "Xcode 9.3";
			developmentRegion = en;
			hasScannedForEncodings = 0;
			knownRegions = (
				en,
				Base,
			);
			mainGroup = 10224DF0215F2855002D4A28;
			productRefGroup = 10224DFA215F2855002D4A28 /* Products */;
			projectDirPath = "";
			projectRoot = "";
			targets = (
				10224DF8215F2855002D4A28 /* EnglishApp */,
				10224E0C215F2856002D4A28 /* EnglishAppTests */,
				10224E17215F2856002D4A28 /* EnglishAppUITests */,
			);
		};
/* End PBXProject section */

/* Begin PBXResourcesBuildPhase section */
		10224DF7215F2855002D4A28 /* Resources */ = {
			isa = PBXResourcesBuildPhase;
			buildActionMask = 2147483647;
			files = (
				10224E07215F2856002D4A28 /* LaunchScreen.storyboard in Resources */,
				10224E04215F2856002D4A28 /* Assets.xcassets in Resources */,
				10D9D65E216128FA00132111 /* search.aep in Resources */,
				10D40D5F21606FFC00583983 /* EmojiReaction.json in Resources */,
				10D40D6021606FFC00583983 /* CryingEmoji.aep in Resources */,
				10D40D6221606FFC00583983 /* AngryEmoji.json in Resources */,
				10D40D6421606FFC00583983 /* AngryEmoji.aep in Resources */,
				10D40D682160744B00583983 /* emoji_tongue.json in Resources */,
				10D40D692160744B00583983 /* emoji_shock.json in Resources */,
				10224E02215F2855002D4A28 /* Main.storyboard in Resources */,
				10D40D6A2160744B00583983 /* emoji_wink.json in Resources */,
				10224E32215F29EA002D4A28 /* HomeAssets.xcassets in Resources */,
				10D9D65F216128FA00132111 /* search.json in Resources */,
				10D40D6321606FFC00583983 /* EmojiReaction.aep in Resources */,
				10D40D6121606FFC00583983 /* CryingEmoji.json in Resources */,
			);
			runOnlyForDeploymentPostprocessing = 0;
		};
		10224E0B215F2856002D4A28 /* Resources */ = {
			isa = PBXResourcesBuildPhase;
			buildActionMask = 2147483647;
			files = (
			);
			runOnlyForDeploymentPostprocessing = 0;
		};
		10224E16215F2856002D4A28 /* Resources */ = {
			isa = PBXResourcesBuildPhase;
			buildActionMask = 2147483647;
			files = (
			);
			runOnlyForDeploymentPostprocessing = 0;
		};
/* End PBXResourcesBuildPhase section */

/* Begin PBXShellScriptBuildPhase section */
		1601C39D4F7EA7CD6EE0E1AC /* [CP] Check Pods Manifest.lock */ = {
			isa = PBXShellScriptBuildPhase;
			buildActionMask = 2147483647;
			files = (
			);
			inputFileListPaths = (
			);
			inputPaths = (
				"${PODS_PODFILE_DIR_PATH}/Podfile.lock",
				"${PODS_ROOT}/Manifest.lock",
			);
			name = "[CP] Check Pods Manifest.lock";
			outputFileListPaths = (
			);
			outputPaths = (
				"$(DERIVED_FILE_DIR)/Pods-EnglishApp-checkManifestLockResult.txt",
			);
			runOnlyForDeploymentPostprocessing = 0;
			shellPath = /bin/sh;
			shellScript = "diff \"${PODS_PODFILE_DIR_PATH}/Podfile.lock\" \"${PODS_ROOT}/Manifest.lock\" > /dev/null\nif [ $? != 0 ] ; then\n    # print error to STDERR\n    echo \"error: The sandbox is not in sync with the Podfile.lock. Run 'pod install' or update your CocoaPods installation.\" >&2\n    exit 1\nfi\n# This output is used by Xcode 'outputs' to avoid re-running this script phase.\necho \"SUCCESS\" > \"${SCRIPT_OUTPUT_FILE_0}\"\n";
			showEnvVarsInLog = 0;
		};
		76533C9BB30EF73423F1BF85 /* [CP] Check Pods Manifest.lock */ = {
			isa = PBXShellScriptBuildPhase;
			buildActionMask = 2147483647;
			files = (
			);
			inputFileListPaths = (
			);
			inputPaths = (
				"${PODS_PODFILE_DIR_PATH}/Podfile.lock",
				"${PODS_ROOT}/Manifest.lock",
			);
			name = "[CP] Check Pods Manifest.lock";
			outputFileListPaths = (
			);
			outputPaths = (
				"$(DERIVED_FILE_DIR)/Pods-EnglishAppUITests-checkManifestLockResult.txt",
			);
			runOnlyForDeploymentPostprocessing = 0;
			shellPath = /bin/sh;
			shellScript = "diff \"${PODS_PODFILE_DIR_PATH}/Podfile.lock\" \"${PODS_ROOT}/Manifest.lock\" > /dev/null\nif [ $? != 0 ] ; then\n    # print error to STDERR\n    echo \"error: The sandbox is not in sync with the Podfile.lock. Run 'pod install' or update your CocoaPods installation.\" >&2\n    exit 1\nfi\n# This output is used by Xcode 'outputs' to avoid re-running this script phase.\necho \"SUCCESS\" > \"${SCRIPT_OUTPUT_FILE_0}\"\n";
			showEnvVarsInLog = 0;
		};
		9E773243EB593B583D45C966 /* [CP] Embed Pods Frameworks */ = {
			isa = PBXShellScriptBuildPhase;
			buildActionMask = 2147483647;
			files = (
			);
			inputFileListPaths = (
			);
			inputPaths = (
				"${PODS_ROOT}/Target Support Files/Pods-EnglishApp/Pods-EnglishApp-frameworks.sh",
				"${BUILT_PRODUCTS_DIR}/lottie-ios/Lottie.framework",
			);
			name = "[CP] Embed Pods Frameworks";
			outputFileListPaths = (
			);
			outputPaths = (
				"${TARGET_BUILD_DIR}/${FRAMEWORKS_FOLDER_PATH}/Lottie.framework",
			);
			runOnlyForDeploymentPostprocessing = 0;
			shellPath = /bin/sh;
			shellScript = "\"${PODS_ROOT}/Target Support Files/Pods-EnglishApp/Pods-EnglishApp-frameworks.sh\"\n";
			showEnvVarsInLog = 0;
		};
		AB647F962DB8F01D23D33DF4 /* [CP] Check Pods Manifest.lock */ = {
			isa = PBXShellScriptBuildPhase;
			buildActionMask = 2147483647;
			files = (
			);
			inputFileListPaths = (
			);
			inputPaths = (
				"${PODS_PODFILE_DIR_PATH}/Podfile.lock",
				"${PODS_ROOT}/Manifest.lock",
			);
			name = "[CP] Check Pods Manifest.lock";
			outputFileListPaths = (
			);
			outputPaths = (
				"$(DERIVED_FILE_DIR)/Pods-EnglishAppTests-checkManifestLockResult.txt",
			);
			runOnlyForDeploymentPostprocessing = 0;
			shellPath = /bin/sh;
			shellScript = "diff \"${PODS_PODFILE_DIR_PATH}/Podfile.lock\" \"${PODS_ROOT}/Manifest.lock\" > /dev/null\nif [ $? != 0 ] ; then\n    # print error to STDERR\n    echo \"error: The sandbox is not in sync with the Podfile.lock. Run 'pod install' or update your CocoaPods installation.\" >&2\n    exit 1\nfi\n# This output is used by Xcode 'outputs' to avoid re-running this script phase.\necho \"SUCCESS\" > \"${SCRIPT_OUTPUT_FILE_0}\"\n";
			showEnvVarsInLog = 0;
		};
/* End PBXShellScriptBuildPhase section */

/* Begin PBXSourcesBuildPhase section */
		10224DF5215F2855002D4A28 /* Sources */ = {
			isa = PBXSourcesBuildPhase;
			buildActionMask = 2147483647;
			files = (
				10023D8A216356D6007910A5 /* TranslatorDevice.swift in Sources */,
				10A11FF821631A02000788AF /* VisionObjectRecognitionViewController.swift in Sources */,
				10BDD7592160BDAA00DAA6BD /* TranslateSubVC.swift in Sources */,
				109389AB215FD7EE00819D24 /* HomePageVC.swift in Sources */,
				10BDD75B2160BDBA00DAA6BD /* CameraSubVC.swift in Sources */,
				10224DFD215F2855002D4A28 /* AppDelegate.swift in Sources */,
				10D40D6C2160804500583983 /* AppUtility.swift in Sources */,
				10BDD7572160BD9800DAA6BD /* HomeSubVC.swift in Sources */,
				10224E30215F29AF002D4A28 /* HomeVC.swift in Sources */,
				109389A5215FC7CE00819D24 /* Constants.swift in Sources */,
				109389A7215FC9EB00819D24 /* Extensions.swift in Sources */,
				10A11FFA21631B20000788AF /* Resnet50.mlmodel in Sources */,
				10BDD75D2160BDC900DAA6BD /* FavoriteSubVC.swift in Sources */,
				10023D8C21637E21007910A5 /* Inceptionv3.mlmodel in Sources */,
			);
			runOnlyForDeploymentPostprocessing = 0;
		};
		10224E09215F2856002D4A28 /* Sources */ = {
			isa = PBXSourcesBuildPhase;
			buildActionMask = 2147483647;
			files = (
				10224E12215F2856002D4A28 /* EnglishAppTests.swift in Sources */,
			);
			runOnlyForDeploymentPostprocessing = 0;
		};
		10224E14215F2856002D4A28 /* Sources */ = {
			isa = PBXSourcesBuildPhase;
			buildActionMask = 2147483647;
			files = (
				10224E1D215F2857002D4A28 /* EnglishAppUITests.swift in Sources */,
			);
			runOnlyForDeploymentPostprocessing = 0;
		};
/* End PBXSourcesBuildPhase section */

/* Begin PBXTargetDependency section */
		10224E0F215F2856002D4A28 /* PBXTargetDependency */ = {
			isa = PBXTargetDependency;
			target = 10224DF8215F2855002D4A28 /* EnglishApp */;
			targetProxy = 10224E0E215F2856002D4A28 /* PBXContainerItemProxy */;
		};
		10224E1A215F2856002D4A28 /* PBXTargetDependency */ = {
			isa = PBXTargetDependency;
			target = 10224DF8215F2855002D4A28 /* EnglishApp */;
			targetProxy = 10224E19215F2856002D4A28 /* PBXContainerItemProxy */;
		};
/* End PBXTargetDependency section */

/* Begin PBXVariantGroup section */
		10224E00215F2855002D4A28 /* Main.storyboard */ = {
			isa = PBXVariantGroup;
			children = (
				10224E01215F2855002D4A28 /* Base */,
			);
			name = Main.storyboard;
			sourceTree = "<group>";
		};
		10224E05215F2856002D4A28 /* LaunchScreen.storyboard */ = {
			isa = PBXVariantGroup;
			children = (
				10224E06215F2856002D4A28 /* Base */,
			);
			name = LaunchScreen.storyboard;
			sourceTree = "<group>";
		};
/* End PBXVariantGroup section */

/* Begin XCBuildConfiguration section */
		10224E1F215F2857002D4A28 /* Debug */ = {
			isa = XCBuildConfiguration;
			buildSettings = {
				ALWAYS_SEARCH_USER_PATHS = NO;
				CLANG_ANALYZER_NONNULL = YES;
				CLANG_ANALYZER_NUMBER_OBJECT_CONVERSION = YES_AGGRESSIVE;
				CLANG_CXX_LANGUAGE_STANDARD = "gnu++14";
				CLANG_CXX_LIBRARY = "libc++";
				CLANG_ENABLE_MODULES = YES;
				CLANG_ENABLE_OBJC_ARC = YES;
				CLANG_ENABLE_OBJC_WEAK = YES;
				CLANG_WARN_BLOCK_CAPTURE_AUTORELEASING = YES;
				CLANG_WARN_BOOL_CONVERSION = YES;
				CLANG_WARN_COMMA = YES;
				CLANG_WARN_CONSTANT_CONVERSION = YES;
				CLANG_WARN_DEPRECATED_OBJC_IMPLEMENTATIONS = YES;
				CLANG_WARN_DIRECT_OBJC_ISA_USAGE = YES_ERROR;
				CLANG_WARN_DOCUMENTATION_COMMENTS = YES;
				CLANG_WARN_EMPTY_BODY = YES;
				CLANG_WARN_ENUM_CONVERSION = YES;
				CLANG_WARN_INFINITE_RECURSION = YES;
				CLANG_WARN_INT_CONVERSION = YES;
				CLANG_WARN_NON_LITERAL_NULL_CONVERSION = YES;
				CLANG_WARN_OBJC_IMPLICIT_RETAIN_SELF = YES;
				CLANG_WARN_OBJC_LITERAL_CONVERSION = YES;
				CLANG_WARN_OBJC_ROOT_CLASS = YES_ERROR;
				CLANG_WARN_RANGE_LOOP_ANALYSIS = YES;
				CLANG_WARN_STRICT_PROTOTYPES = YES;
				CLANG_WARN_SUSPICIOUS_MOVE = YES;
				CLANG_WARN_UNGUARDED_AVAILABILITY = YES_AGGRESSIVE;
				CLANG_WARN_UNREACHABLE_CODE = YES;
				CLANG_WARN__DUPLICATE_METHOD_MATCH = YES;
				CODE_SIGN_IDENTITY = "iPhone Developer";
				COPY_PHASE_STRIP = NO;
				DEBUG_INFORMATION_FORMAT = dwarf;
				ENABLE_STRICT_OBJC_MSGSEND = YES;
				ENABLE_TESTABILITY = YES;
				GCC_C_LANGUAGE_STANDARD = gnu11;
				GCC_DYNAMIC_NO_PIC = NO;
				GCC_NO_COMMON_BLOCKS = YES;
				GCC_OPTIMIZATION_LEVEL = 0;
				GCC_PREPROCESSOR_DEFINITIONS = (
					"DEBUG=1",
					"$(inherited)",
				);
				GCC_WARN_64_TO_32_BIT_CONVERSION = YES;
				GCC_WARN_ABOUT_RETURN_TYPE = YES_ERROR;
				GCC_WARN_UNDECLARED_SELECTOR = YES;
				GCC_WARN_UNINITIALIZED_AUTOS = YES_AGGRESSIVE;
				GCC_WARN_UNUSED_FUNCTION = YES;
				GCC_WARN_UNUSED_VARIABLE = YES;
				IPHONEOS_DEPLOYMENT_TARGET = 11.4;
				MTL_ENABLE_DEBUG_INFO = YES;
				ONLY_ACTIVE_ARCH = YES;
				SDKROOT = iphoneos;
				SWIFT_ACTIVE_COMPILATION_CONDITIONS = DEBUG;
				SWIFT_OPTIMIZATION_LEVEL = "-Onone";
			};
			name = Debug;
		};
		10224E20215F2857002D4A28 /* Release */ = {
			isa = XCBuildConfiguration;
			buildSettings = {
				ALWAYS_SEARCH_USER_PATHS = NO;
				CLANG_ANALYZER_NONNULL = YES;
				CLANG_ANALYZER_NUMBER_OBJECT_CONVERSION = YES_AGGRESSIVE;
				CLANG_CXX_LANGUAGE_STANDARD = "gnu++14";
				CLANG_CXX_LIBRARY = "libc++";
				CLANG_ENABLE_MODULES = YES;
				CLANG_ENABLE_OBJC_ARC = YES;
				CLANG_ENABLE_OBJC_WEAK = YES;
				CLANG_WARN_BLOCK_CAPTURE_AUTORELEASING = YES;
				CLANG_WARN_BOOL_CONVERSION = YES;
				CLANG_WARN_COMMA = YES;
				CLANG_WARN_CONSTANT_CONVERSION = YES;
				CLANG_WARN_DEPRECATED_OBJC_IMPLEMENTATIONS = YES;
				CLANG_WARN_DIRECT_OBJC_ISA_USAGE = YES_ERROR;
				CLANG_WARN_DOCUMENTATION_COMMENTS = YES;
				CLANG_WARN_EMPTY_BODY = YES;
				CLANG_WARN_ENUM_CONVERSION = YES;
				CLANG_WARN_INFINITE_RECURSION = YES;
				CLANG_WARN_INT_CONVERSION = YES;
				CLANG_WARN_NON_LITERAL_NULL_CONVERSION = YES;
				CLANG_WARN_OBJC_IMPLICIT_RETAIN_SELF = YES;
				CLANG_WARN_OBJC_LITERAL_CONVERSION = YES;
				CLANG_WARN_OBJC_ROOT_CLASS = YES_ERROR;
				CLANG_WARN_RANGE_LOOP_ANALYSIS = YES;
				CLANG_WARN_STRICT_PROTOTYPES = YES;
				CLANG_WARN_SUSPICIOUS_MOVE = YES;
				CLANG_WARN_UNGUARDED_AVAILABILITY = YES_AGGRESSIVE;
				CLANG_WARN_UNREACHABLE_CODE = YES;
				CLANG_WARN__DUPLICATE_METHOD_MATCH = YES;
				CODE_SIGN_IDENTITY = "iPhone Developer";
				COPY_PHASE_STRIP = NO;
				DEBUG_INFORMATION_FORMAT = "dwarf-with-dsym";
				ENABLE_NS_ASSERTIONS = NO;
				ENABLE_STRICT_OBJC_MSGSEND = YES;
				GCC_C_LANGUAGE_STANDARD = gnu11;
				GCC_NO_COMMON_BLOCKS = YES;
				GCC_WARN_64_TO_32_BIT_CONVERSION = YES;
				GCC_WARN_ABOUT_RETURN_TYPE = YES_ERROR;
				GCC_WARN_UNDECLARED_SELECTOR = YES;
				GCC_WARN_UNINITIALIZED_AUTOS = YES_AGGRESSIVE;
				GCC_WARN_UNUSED_FUNCTION = YES;
				GCC_WARN_UNUSED_VARIABLE = YES;
				IPHONEOS_DEPLOYMENT_TARGET = 11.4;
				MTL_ENABLE_DEBUG_INFO = NO;
				SDKROOT = iphoneos;
				SWIFT_COMPILATION_MODE = wholemodule;
				SWIFT_OPTIMIZATION_LEVEL = "-O";
				VALIDATE_PRODUCT = YES;
			};
			name = Release;
		};
		10224E22215F2857002D4A28 /* Debug */ = {
			isa = XCBuildConfiguration;
			baseConfigurationReference = 5AAE715748AC65ED643A219B /* Pods-EnglishApp.debug.xcconfig */;
			buildSettings = {
				ASSETCATALOG_COMPILER_APPICON_NAME = AppIcon;
				CODE_SIGN_STYLE = Automatic;
				DEVELOPMENT_TEAM = PF2X5GJAAP;
				INFOPLIST_FILE = EnglishApp/Info.plist;
				LD_RUNPATH_SEARCH_PATHS = (
					"$(inherited)",
					"@executable_path/Frameworks",
				);
				PRODUCT_BUNDLE_IDENTIFIER = com.trungnguyen.EnglishApp;
				PRODUCT_NAME = "$(TARGET_NAME)";
				SWIFT_VERSION = 4.0;
				TARGETED_DEVICE_FAMILY = "1,2";
			};
			name = Debug;
		};
		10224E23215F2857002D4A28 /* Release */ = {
			isa = XCBuildConfiguration;
			baseConfigurationReference = B6A9F010DD1948C6422C6636 /* Pods-EnglishApp.release.xcconfig */;
			buildSettings = {
				ASSETCATALOG_COMPILER_APPICON_NAME = AppIcon;
				CODE_SIGN_STYLE = Automatic;
				DEVELOPMENT_TEAM = PF2X5GJAAP;
				INFOPLIST_FILE = EnglishApp/Info.plist;
				LD_RUNPATH_SEARCH_PATHS = (
					"$(inherited)",
					"@executable_path/Frameworks",
				);
				PRODUCT_BUNDLE_IDENTIFIER = com.trungnguyen.EnglishApp;
				PRODUCT_NAME = "$(TARGET_NAME)";
				SWIFT_VERSION = 4.0;
				TARGETED_DEVICE_FAMILY = "1,2";
			};
			name = Release;
		};
		10224E25215F2857002D4A28 /* Debug */ = {
			isa = XCBuildConfiguration;
			baseConfigurationReference = 09EA63B630BA064E381B305F /* Pods-EnglishAppTests.debug.xcconfig */;
			buildSettings = {
				ALWAYS_EMBED_SWIFT_STANDARD_LIBRARIES = YES;
				BUNDLE_LOADER = "$(TEST_HOST)";
				CODE_SIGN_STYLE = Automatic;
				DEVELOPMENT_TEAM = PF2X5GJAAP;
				INFOPLIST_FILE = EnglishAppTests/Info.plist;
				LD_RUNPATH_SEARCH_PATHS = (
					"$(inherited)",
					"@executable_path/Frameworks",
					"@loader_path/Frameworks",
				);
				PRODUCT_BUNDLE_IDENTIFIER = com.trungnguyen.EnglishAppTests;
				PRODUCT_NAME = "$(TARGET_NAME)";
				SWIFT_VERSION = 4.0;
				TARGETED_DEVICE_FAMILY = "1,2";
				TEST_HOST = "$(BUILT_PRODUCTS_DIR)/EnglishApp.app/EnglishApp";
			};
			name = Debug;
		};
		10224E26215F2857002D4A28 /* Release */ = {
			isa = XCBuildConfiguration;
			baseConfigurationReference = 758A4368ECC93C96C1F68F6C /* Pods-EnglishAppTests.release.xcconfig */;
			buildSettings = {
				ALWAYS_EMBED_SWIFT_STANDARD_LIBRARIES = YES;
				BUNDLE_LOADER = "$(TEST_HOST)";
				CODE_SIGN_STYLE = Automatic;
				DEVELOPMENT_TEAM = PF2X5GJAAP;
				INFOPLIST_FILE = EnglishAppTests/Info.plist;
				LD_RUNPATH_SEARCH_PATHS = (
					"$(inherited)",
					"@executable_path/Frameworks",
					"@loader_path/Frameworks",
				);
				PRODUCT_BUNDLE_IDENTIFIER = com.trungnguyen.EnglishAppTests;
				PRODUCT_NAME = "$(TARGET_NAME)";
				SWIFT_VERSION = 4.0;
				TARGETED_DEVICE_FAMILY = "1,2";
				TEST_HOST = "$(BUILT_PRODUCTS_DIR)/EnglishApp.app/EnglishApp";
			};
			name = Release;
		};
		10224E28215F2857002D4A28 /* Debug */ = {
			isa = XCBuildConfiguration;
			baseConfigurationReference = FEA84956D7357835BDD13ADF /* Pods-EnglishAppUITests.debug.xcconfig */;
			buildSettings = {
				ALWAYS_EMBED_SWIFT_STANDARD_LIBRARIES = YES;
				CODE_SIGN_STYLE = Automatic;
				DEVELOPMENT_TEAM = PF2X5GJAAP;
				INFOPLIST_FILE = EnglishAppUITests/Info.plist;
				LD_RUNPATH_SEARCH_PATHS = (
					"$(inherited)",
					"@executable_path/Frameworks",
					"@loader_path/Frameworks",
				);
				PRODUCT_BUNDLE_IDENTIFIER = com.trungnguyen.EnglishAppUITests;
				PRODUCT_NAME = "$(TARGET_NAME)";
				SWIFT_VERSION = 4.0;
				TARGETED_DEVICE_FAMILY = "1,2";
				TEST_TARGET_NAME = EnglishApp;
			};
			name = Debug;
		};
		10224E29215F2857002D4A28 /* Release */ = {
			isa = XCBuildConfiguration;
			baseConfigurationReference = 336362C40907244373323AD8 /* Pods-EnglishAppUITests.release.xcconfig */;
			buildSettings = {
				ALWAYS_EMBED_SWIFT_STANDARD_LIBRARIES = YES;
				CODE_SIGN_STYLE = Automatic;
				DEVELOPMENT_TEAM = PF2X5GJAAP;
				INFOPLIST_FILE = EnglishAppUITests/Info.plist;
				LD_RUNPATH_SEARCH_PATHS = (
					"$(inherited)",
					"@executable_path/Frameworks",
					"@loader_path/Frameworks",
				);
				PRODUCT_BUNDLE_IDENTIFIER = com.trungnguyen.EnglishAppUITests;
				PRODUCT_NAME = "$(TARGET_NAME)";
				SWIFT_VERSION = 4.0;
				TARGETED_DEVICE_FAMILY = "1,2";
				TEST_TARGET_NAME = EnglishApp;
			};
			name = Release;
		};
/* End XCBuildConfiguration section */

/* Begin XCConfigurationList section */
		10224DF4215F2855002D4A28 /* Build configuration list for PBXProject "EnglishApp" */ = {
			isa = XCConfigurationList;
			buildConfigurations = (
				10224E1F215F2857002D4A28 /* Debug */,
				10224E20215F2857002D4A28 /* Release */,
			);
			defaultConfigurationIsVisible = 0;
			defaultConfigurationName = Release;
		};
		10224E21215F2857002D4A28 /* Build configuration list for PBXNativeTarget "EnglishApp" */ = {
			isa = XCConfigurationList;
			buildConfigurations = (
				10224E22215F2857002D4A28 /* Debug */,
				10224E23215F2857002D4A28 /* Release */,
			);
			defaultConfigurationIsVisible = 0;
			defaultConfigurationName = Release;
		};
		10224E24215F2857002D4A28 /* Build configuration list for PBXNativeTarget "EnglishAppTests" */ = {
			isa = XCConfigurationList;
			buildConfigurations = (
				10224E25215F2857002D4A28 /* Debug */,
				10224E26215F2857002D4A28 /* Release */,
			);
			defaultConfigurationIsVisible = 0;
			defaultConfigurationName = Release;
		};
		10224E27215F2857002D4A28 /* Build configuration list for PBXNativeTarget "EnglishAppUITests" */ = {
			isa = XCConfigurationList;
			buildConfigurations = (
				10224E28215F2857002D4A28 /* Debug */,
				10224E29215F2857002D4A28 /* Release */,
			);
			defaultConfigurationIsVisible = 0;
			defaultConfigurationName = Release;
		};
/* End XCConfigurationList section */
	};
	rootObject = 10224DF1215F2855002D4A28 /* Project object */;
}
